
Microsoft Visual Studio Solution File, Format Version 12.00
# Visual Studio 2013
VisualStudioVersion = 12.0.31101.0
MinimumVisualStudioVersion = 10.0.40219.1
Project("{FAE04EC0-301F-11D3-BF4B-00C04F79EFBC}") = "StopAll", "StopAll\StopAll.csproj", "{E65F0D7F-F4F1-4A42-A258-32F05B0AD204}"
EndProject
Global
	GlobalSection(SolutionConfigurationPlatforms) = preSolution
		Debug|Any CPU = Debug|Any CPU
		Release|Any CPU = Release|Any CPU
	EndGlobalSection
	GlobalSection(ProjectConfigurationPlatforms) = postSolution
		{E65F0D7F-F4F1-4A42-A258-32F05B0AD204}.Debug|Any CPU.ActiveCfg = Debug|Any CPU
		{E65F0D7F-F4F1-4A42-A258-32F05B0AD204}.Debug|Any CPU.Build.0 = Debug|Any CPU
		{E65F0D7F-F4F1-4A42-A258-32F05B0AD204}.Release|Any CPU.ActiveCfg = Release|Any CPU
		{E65F0D7F-F4F1-4A42-A258-32F05B0AD204}.Release|Any CPU.Build.0 = Release|Any CPU
	EndGlobalSection
	GlobalSection(SolutionProperties) = preSolution
		HideSolutionNode = FALSE
	EndGlobalSection
EndGlobal
